
Microsoft Visual Studio Solution File, Format Version 12.00
# Visual Studio Version 16
VisualStudioVersion = 16.0.30907.101
MinimumVisualStudioVersion = 10.0.40219.1
Project("{8BC9CEB8-8B4A-11D0-8D11-00A0C91BC942}") = "LR1_1", "LR1_1.vcxproj", "{4A8FD1E5-407F-4B1B-BBB6-A67BA5433F2E}"
EndProject
Global
	GlobalSection(SolutionConfigurationPlatforms) = preSolution
		Debug|x64 = Debug|x64
		Debug|x86 = Debug|x86
		Release|x64 = Release|x64
		Release|x86 = Release|x86
	EndGlobalSection
	GlobalSection(ProjectConfigurationPlatforms) = postSolution
		{4A8FD1E5-407F-4B1B-BBB6-A67BA5433F2E}.Debug|x64.ActiveCfg = Debug|x64
		{4A8FD1E5-407F-4B1B-BBB6-A67BA5433F2E}.Debug|x64.Build.0 = Debug|x64
		{4A8FD1E5-407F-4B1B-BBB6-A67BA5433F2E}.Debug|x86.ActiveCfg = Debug|Win32
		{4A8FD1E5-407F-4B1B-BBB6-A67BA5433F2E}.Debug|x86.Build.0 = Debug|Win32
		{4A8FD1E5-407F-4B1B-BBB6-A67BA5433F2E}.Release|x64.ActiveCfg = Release|x64
		{4A8FD1E5-407F-4B1B-BBB6-A67BA5433F2E}.Release|x64.Build.0 = Release|x64
		{4A8FD1E5-407F-4B1B-BBB6-A67BA5433F2E}.Release|x86.ActiveCfg = Release|Win32
		{4A8FD1E5-407F-4B1B-BBB6-A67BA5433F2E}.Release|x86.Build.0 = Release|Win32
	EndGlobalSection
	GlobalSection(SolutionProperties) = preSolution
		HideSolutionNode = FALSE
	EndGlobalSection
	GlobalSection(ExtensibilityGlobals) = postSolution
		SolutionGuid = {17C7C65B-B29D-49DA-96A2-47D7047AB9C2}
	EndGlobalSection
EndGlobal
